
Microsoft Visual Studio Solution File, Format Version 12.00
# Visual Studio 14
VisualStudioVersion = 14.0.25420.1
MinimumVisualStudioVersion = 10.0.40219.1
Project("{FAE04EC0-301F-11D3-BF4B-00C04F79EFBC}") = "murlok-uwp", "murlok-uwp\murlok-uwp.csproj", "{9B7FAF62-9167-464C-BDFA-5CD8F3A16CF2}"
EndProject
Project("{8BC9CEB8-8B4A-11D0-8D11-00A0C91BC942}") = "murlok", "murlok\murlok.vcxproj", "{E5F81959-423B-4AB5-85FE-B21661F1D8EF}"
EndProject
Global
	GlobalSection(SolutionConfigurationPlatforms) = preSolution
		Debug|ARM = Debug|ARM
		Debug|x64 = Debug|x64
		Debug|x86 = Debug|x86
		Release|ARM = Release|ARM
		Release|x64 = Release|x64
		Release|x86 = Release|x86
	EndGlobalSection
	GlobalSection(ProjectConfigurationPlatforms) = postSolution
		{9B7FAF62-9167-464C-BDFA-5CD8F3A16CF2}.Debug|ARM.ActiveCfg = Debug|x86
		{9B7FAF62-9167-464C-BDFA-5CD8F3A16CF2}.Debug|x64.ActiveCfg = Debug|x64
		{9B7FAF62-9167-464C-BDFA-5CD8F3A16CF2}.Debug|x64.Build.0 = Debug|x64
		{9B7FAF62-9167-464C-BDFA-5CD8F3A16CF2}.Debug|x64.Deploy.0 = Debug|x64
		{9B7FAF62-9167-464C-BDFA-5CD8F3A16CF2}.Debug|x86.ActiveCfg = Debug|x86
		{9B7FAF62-9167-464C-BDFA-5CD8F3A16CF2}.Debug|x86.Build.0 = Debug|x86
		{9B7FAF62-9167-464C-BDFA-5CD8F3A16CF2}.Debug|x86.Deploy.0 = Debug|x86
		{9B7FAF62-9167-464C-BDFA-5CD8F3A16CF2}.Release|ARM.ActiveCfg = Release|x86
		{9B7FAF62-9167-464C-BDFA-5CD8F3A16CF2}.Release|x64.ActiveCfg = Release|x64
		{9B7FAF62-9167-464C-BDFA-5CD8F3A16CF2}.Release|x64.Build.0 = Release|x64
		{9B7FAF62-9167-464C-BDFA-5CD8F3A16CF2}.Release|x64.Deploy.0 = Release|x64
		{9B7FAF62-9167-464C-BDFA-5CD8F3A16CF2}.Release|x86.ActiveCfg = Release|x86
		{9B7FAF62-9167-464C-BDFA-5CD8F3A16CF2}.Release|x86.Build.0 = Release|x86
		{9B7FAF62-9167-464C-BDFA-5CD8F3A16CF2}.Release|x86.Deploy.0 = Release|x86
		{E5F81959-423B-4AB5-85FE-B21661F1D8EF}.Debug|ARM.ActiveCfg = Debug|Win32
		{E5F81959-423B-4AB5-85FE-B21661F1D8EF}.Debug|x64.ActiveCfg = Debug|x64
		{E5F81959-423B-4AB5-85FE-B21661F1D8EF}.Debug|x64.Build.0 = Debug|x64
		{E5F81959-423B-4AB5-85FE-B21661F1D8EF}.Debug|x86.ActiveCfg = Debug|Win32
		{E5F81959-423B-4AB5-85FE-B21661F1D8EF}.Debug|x86.Build.0 = Debug|Win32
		{E5F81959-423B-4AB5-85FE-B21661F1D8EF}.Release|ARM.ActiveCfg = Release|Win32
		{E5F81959-423B-4AB5-85FE-B21661F1D8EF}.Release|x64.ActiveCfg = Release|x64
		{E5F81959-423B-4AB5-85FE-B21661F1D8EF}.Release|x64.Build.0 = Release|x64
		{E5F81959-423B-4AB5-85FE-B21661F1D8EF}.Release|x86.ActiveCfg = Release|Win32
		{E5F81959-423B-4AB5-85FE-B21661F1D8EF}.Release|x86.Build.0 = Release|Win32
	EndGlobalSection
	GlobalSection(SolutionProperties) = preSolution
		HideSolutionNode = FALSE
	EndGlobalSection
EndGlobal
